
Microsoft Visual Studio Solution File, Format Version 12.00
# Visual Studio Version 16
VisualStudioVersion = 16.0.31105.61
MinimumVisualStudioVersion = 10.0.40219.1
Project("{FAE04EC0-301F-11D3-BF4B-00C04F79EFBC}") = "EMS", "EMS\EMS.csproj", "{BD7B043C-E444-4082-95BB-8DECF27B3469}"
EndProject
Global
	GlobalSection(SolutionConfigurationPlatforms) = preSolution
		Debug|Any CPU = Debug|Any CPU
		Release|Any CPU = Release|Any CPU
	EndGlobalSection
	GlobalSection(ProjectConfigurationPlatforms) = postSolution
		{BD7B043C-E444-4082-95BB-8DECF27B3469}.Debug|Any CPU.ActiveCfg = Debug|Any CPU
		{BD7B043C-E444-4082-95BB-8DECF27B3469}.Debug|Any CPU.Build.0 = Debug|Any CPU
		{BD7B043C-E444-4082-95BB-8DECF27B3469}.Release|Any CPU.ActiveCfg = Release|Any CPU
		{BD7B043C-E444-4082-95BB-8DECF27B3469}.Release|Any CPU.Build.0 = Release|Any CPU
	EndGlobalSection
	GlobalSection(SolutionProperties) = preSolution
		HideSolutionNode = FALSE
	EndGlobalSection
	GlobalSection(ExtensibilityGlobals) = postSolution
		SolutionGuid = {E0AF60F6-DD72-4B46-AEDB-8964E973813F}
	EndGlobalSection
EndGlobal
